// !$*UTF8*$!
{
	archiveVersion = 1;
	classes = {
	};
	objectVersion = 46;
	objects = {

/* Begin PBXBuildFile section */
		000E3DBE187F8457007EA39A /* Foundation.framework in Frameworks */ = {isa = PBXBuildFile; fileRef = 000E3DBD187F8457007EA39A /* Foundation.framework */; };
		000E3DC0187F8457007EA39A /* CoreGraphics.framework in Frameworks */ = {isa = PBXBuildFile; fileRef = 000E3DBF187F8457007EA39A /* CoreGraphics.framework */; };
		000E3DC2187F8457007EA39A /* UIKit.framework in Frameworks */ = {isa = PBXBuildFile; fileRef = 000E3DC1187F8457007EA39A /* UIKit.framework */; };
		000E3DC8187F8457007EA39A /* InfoPlist.strings in Resources */ = {isa = PBXBuildFile; fileRef = 000E3DC6187F8457007EA39A /* InfoPlist.strings */; };
		000E3DCA187F8457007EA39A /* main.m in Sources */ = {isa = PBXBuildFile; fileRef = 000E3DC9187F8457007EA39A /* main.m */; };
		000E3DCE187F8457007EA39A /* AppDelegate.m in Sources */ = {isa = PBXBuildFile; fileRef = 000E3DCD187F8457007EA39A /* AppDelegate.m */; };
		000E3DD1187F8457007EA39A /* Main.storyboard in Resources */ = {isa = PBXBuildFile; fileRef = 000E3DCF187F8457007EA39A /* Main.storyboard */; };
		000E3DD4187F8457007EA39A /* ViewController.m in Sources */ = {isa = PBXBuildFile; fileRef = 000E3DD3187F8457007EA39A /* ViewController.m */; };
		000E3DD6187F8457007EA39A /* Images.xcassets in Resources */ = {isa = PBXBuildFile; fileRef = 000E3DD5187F8457007EA39A /* Images.xcassets */; };
		000E3DDD187F8457007EA39A /* XCTest.framework in Frameworks */ = {isa = PBXBuildFile; fileRef = 000E3DDC187F8457007EA39A /* XCTest.framework */; };
		000E3DDE187F8457007EA39A /* Foundation.framework in Frameworks */ = {isa = PBXBuildFile; fileRef = 000E3DBD187F8457007EA39A /* Foundation.framework */; };
		000E3DDF187F8457007EA39A /* UIKit.framework in Frameworks */ = {isa = PBXBuildFile; fileRef = 000E3DC1187F8457007EA39A /* UIKit.framework */; };
		000E3DE7187F8457007EA39A /* InfoPlist.strings in Resources */ = {isa = PBXBuildFile; fileRef = 000E3DE5187F8457007EA39A /* InfoPlist.strings */; };
		000E3DE9187F8457007EA39A /* DarlingdarTests.m in Sources */ = {isa = PBXBuildFile; fileRef = 000E3DE8187F8457007EA39A /* DarlingdarTests.m */; };
		00AAC07D18876C43003C867C /* Connection.storyboard in Resources */ = {isa = PBXBuildFile; fileRef = 00AAC07C18876C43003C867C /* Connection.storyboard */; };
		00AAC08018876C66003C867C /* ConnectionViewController.m in Sources */ = {isa = PBXBuildFile; fileRef = 00AAC07F18876C66003C867C /* ConnectionViewController.m */; };
		00AAC08218876C91003C867C /* Calendar.storyboard in Resources */ = {isa = PBXBuildFile; fileRef = 00AAC08118876C91003C867C /* Calendar.storyboard */; };
		00AAC08518876C9E003C867C /* CalendarViewController.m in Sources */ = {isa = PBXBuildFile; fileRef = 00AAC08418876C9E003C867C /* CalendarViewController.m */; };
/* End PBXBuildFile section */

/* Begin PBXContainerItemProxy section */
		000E3DE0187F8457007EA39A /* PBXContainerItemProxy */ = {
			isa = PBXContainerItemProxy;
			containerPortal = 000E3DB2187F8457007EA39A /* Project object */;
			proxyType = 1;
			remoteGlobalIDString = 000E3DB9187F8457007EA39A;
			remoteInfo = Darlingdar;
		};
/* End PBXContainerItemProxy section */

/* Begin PBXFileReference section */
		000E3DBA187F8457007EA39A /* Darlingdar.app */ = {isa = PBXFileReference; explicitFileType = wrapper.application; includeInIndex = 0; path = Darlingdar.app; sourceTree = BUILT_PRODUCTS_DIR; };
		000E3DBD187F8457007EA39A /* Foundation.framework */ = {isa = PBXFileReference; lastKnownFileType = wrapper.framework; name = Foundation.framework; path = System/Library/Frameworks/Foundation.framework; sourceTree = SDKROOT; };
		000E3DBF187F8457007EA39A /* CoreGraphics.framework */ = {isa = PBXFileReference; lastKnownFileType = wrapper.framework; name = CoreGraphics.framework; path = System/Library/Frameworks/CoreGraphics.framework; sourceTree = SDKROOT; };
		000E3DC1187F8457007EA39A /* UIKit.framework */ = {isa = PBXFileReference; lastKnownFileType = wrapper.framework; name = UIKit.framework; path = System/Library/Frameworks/UIKit.framework; sourceTree = SDKROOT; };
		000E3DC5187F8457007EA39A /* Darlingdar-Info.plist */ = {isa = PBXFileReference; lastKnownFileType = text.plist.xml; path = "Darlingdar-Info.plist"; sourceTree = "<group>"; };
		000E3DC7187F8457007EA39A /* en */ = {isa = PBXFileReference; lastKnownFileType = text.plist.strings; name = en; path = en.lproj/InfoPlist.strings; sourceTree = "<group>"; };
		000E3DC9187F8457007EA39A /* main.m */ = {isa = PBXFileReference; lastKnownFileType = sourcecode.c.objc; path = main.m; sourceTree = "<group>"; };
		000E3DCB187F8457007EA39A /* Darlingdar-Prefix.pch */ = {isa = PBXFileReference; lastKnownFileType = sourcecode.c.h; path = "Darlingdar-Prefix.pch"; sourceTree = "<group>"; };
		000E3DCC187F8457007EA39A /* AppDelegate.h */ = {isa = PBXFileReference; lastKnownFileType = sourcecode.c.h; path = AppDelegate.h; sourceTree = "<group>"; };
		000E3DCD187F8457007EA39A /* AppDelegate.m */ = {isa = PBXFileReference; lastKnownFileType = sourcecode.c.objc; path = AppDelegate.m; sourceTree = "<group>"; };
		000E3DD0187F8457007EA39A /* Base */ = {isa = PBXFileReference; lastKnownFileType = file.storyboard; name = Base; path = Base.lproj/Main.storyboard; sourceTree = "<group>"; };
		000E3DD2187F8457007EA39A /* ViewController.h */ = {isa = PBXFileReference; lastKnownFileType = sourcecode.c.h; path = ViewController.h; sourceTree = "<group>"; };
		000E3DD3187F8457007EA39A /* ViewController.m */ = {isa = PBXFileReference; lastKnownFileType = sourcecode.c.objc; path = ViewController.m; sourceTree = "<group>"; };
		000E3DD5187F8457007EA39A /* Images.xcassets */ = {isa = PBXFileReference; lastKnownFileType = folder.assetcatalog; path = Images.xcassets; sourceTree = "<group>"; };
		000E3DDB187F8457007EA39A /* DarlingdarTests.xctest */ = {isa = PBXFileReference; explicitFileType = wrapper.cfbundle; includeInIndex = 0; path = DarlingdarTests.xctest; sourceTree = BUILT_PRODUCTS_DIR; };
		000E3DDC187F8457007EA39A /* XCTest.framework */ = {isa = PBXFileReference; lastKnownFileType = wrapper.framework; name = XCTest.framework; path = Library/Frameworks/XCTest.framework; sourceTree = DEVELOPER_DIR; };
		000E3DE4187F8457007EA39A /* DarlingdarTests-Info.plist */ = {isa = PBXFileReference; lastKnownFileType = text.plist.xml; path = "DarlingdarTests-Info.plist"; sourceTree = "<group>"; };
		000E3DE6187F8457007EA39A /* en */ = {isa = PBXFileReference; lastKnownFileType = text.plist.strings; name = en; path = en.lproj/InfoPlist.strings; sourceTree = "<group>"; };
		000E3DE8187F8457007EA39A /* DarlingdarTests.m */ = {isa = PBXFileReference; lastKnownFileType = sourcecode.c.objc; path = DarlingdarTests.m; sourceTree = "<group>"; };
		00AAC07C18876C43003C867C /* Connection.storyboard */ = {isa = PBXFileReference; fileEncoding = 4; lastKnownFileType = file.storyboard; path = Connection.storyboard; sourceTree = "<group>"; };
		00AAC07E18876C66003C867C /* ConnectionViewController.h */ = {isa = PBXFileReference; fileEncoding = 4; lastKnownFileType = sourcecode.c.h; path = ConnectionViewController.h; sourceTree = "<group>"; };
		00AAC07F18876C66003C867C /* ConnectionViewController.m */ = {isa = PBXFileReference; fileEncoding = 4; lastKnownFileType = sourcecode.c.objc; path = ConnectionViewController.m; sourceTree = "<group>"; };
		00AAC08118876C91003C867C /* Calendar.storyboard */ = {isa = PBXFileReference; fileEncoding = 4; lastKnownFileType = file.storyboard; path = Calendar.storyboard; sourceTree = "<group>"; };
		00AAC08318876C9E003C867C /* CalendarViewController.h */ = {isa = PBXFileReference; fileEncoding = 4; lastKnownFileType = sourcecode.c.h; path = CalendarViewController.h; sourceTree = "<group>"; };
		00AAC08418876C9E003C867C /* CalendarViewController.m */ = {isa = PBXFileReference; fileEncoding = 4; lastKnownFileType = sourcecode.c.objc; path = CalendarViewController.m; sourceTree = "<group>"; };
/* End PBXFileReference section */

/* Begin PBXFrameworksBuildPhase section */
		000E3DB7187F8457007EA39A /* Frameworks */ = {
			isa = PBXFrameworksBuildPhase;
			buildActionMask = 2147483647;
			files = (
				000E3DC0187F8457007EA39A /* CoreGraphics.framework in Frameworks */,
				000E3DC2187F8457007EA39A /* UIKit.framework in Frameworks */,
				000E3DBE187F8457007EA39A /* Foundation.framework in Frameworks */,
			);
			runOnlyForDeploymentPostprocessing = 0;
		};
		000E3DD8187F8457007EA39A /* Frameworks */ = {
			isa = PBXFrameworksBuildPhase;
			buildActionMask = 2147483647;
			files = (
				000E3DDD187F8457007EA39A /* XCTest.framework in Frameworks */,
				000E3DDF187F8457007EA39A /* UIKit.framework in Frameworks */,
				000E3DDE187F8457007EA39A /* Foundation.framework in Frameworks */,
			);
			runOnlyForDeploymentPostprocessing = 0;
		};
/* End PBXFrameworksBuildPhase section */

/* Begin PBXGroup section */
		000E3DB1187F8457007EA39A = {
			isa = PBXGroup;
			children = (
				000E3DC3187F8457007EA39A /* Darlingdar */,
				000E3DE2187F8457007EA39A /* DarlingdarTests */,
				000E3DBC187F8457007EA39A /* Frameworks */,
				000E3DBB187F8457007EA39A /* Products */,
			);
			sourceTree = "<group>";
		};
		000E3DBB187F8457007EA39A /* Products */ = {
			isa = PBXGroup;
			children = (
				000E3DBA187F8457007EA39A /* Darlingdar.app */,
				000E3DDB187F8457007EA39A /* DarlingdarTests.xctest */,
			);
			name = Products;
			sourceTree = "<group>";
		};
		000E3DBC187F8457007EA39A /* Frameworks */ = {
			isa = PBXGroup;
			children = (
				000E3DBD187F8457007EA39A /* Foundation.framework */,
				000E3DBF187F8457007EA39A /* CoreGraphics.framework */,
				000E3DC1187F8457007EA39A /* UIKit.framework */,
				000E3DDC187F8457007EA39A /* XCTest.framework */,
			);
			name = Frameworks;
			sourceTree = "<group>";
		};
		000E3DC3187F8457007EA39A /* Darlingdar */ = {
			isa = PBXGroup;
			children = (
				00AAC10918878DB6003C867C /* Connection */,
				00AAC10818878DAC003C867C /* Main */,
				000E3DCC187F8457007EA39A /* AppDelegate.h */,
				000E3DCD187F8457007EA39A /* AppDelegate.m */,
				000E3DCF187F8457007EA39A /* Main.storyboard */,
				000E3DD2187F8457007EA39A /* ViewController.h */,
				000E3DD3187F8457007EA39A /* ViewController.m */,
				000E3DD5187F8457007EA39A /* Images.xcassets */,
				000E3DC4187F8457007EA39A /* Supporting Files */,
				00AAC07C18876C43003C867C /* Connection.storyboard */,
				00AAC07E18876C66003C867C /* ConnectionViewController.h */,
				00AAC07F18876C66003C867C /* ConnectionViewController.m */,
				00AAC08118876C91003C867C /* Calendar.storyboard */,
				00AAC08318876C9E003C867C /* CalendarViewController.h */,
				00AAC08418876C9E003C867C /* CalendarViewController.m */,
			);
			path = Darlingdar;
			sourceTree = "<group>";
		};
		000E3DC4187F8457007EA39A /* Supporting Files */ = {
			isa = PBXGroup;
			children = (
				000E3DC5187F8457007EA39A /* Darlingdar-Info.plist */,
				000E3DC6187F8457007EA39A /* InfoPlist.strings */,
				000E3DC9187F8457007EA39A /* main.m */,
				000E3DCB187F8457007EA39A /* Darlingdar-Prefix.pch */,
			);
			name = "Supporting Files";
			sourceTree = "<group>";
		};
		000E3DE2187F8457007EA39A /* DarlingdarTests */ = {
			isa = PBXGroup;
			children = (
				000E3DE8187F8457007EA39A /* DarlingdarTests.m */,
				000E3DE3187F8457007EA39A /* Supporting Files */,
			);
			path = DarlingdarTests;
			sourceTree = "<group>";
		};
		000E3DE3187F8457007EA39A /* Supporting Files */ = {
			isa = PBXGroup;
			children = (
				000E3DE4187F8457007EA39A /* DarlingdarTests-Info.plist */,
				000E3DE5187F8457007EA39A /* InfoPlist.strings */,
			);
			name = "Supporting Files";
			sourceTree = "<group>";
		};
		00AAC10818878DAC003C867C /* Main */ = {
			isa = PBXGroup;
			children = (
			);
			name = Main;
			sourceTree = "<group>";
		};
		00AAC10918878DB6003C867C /* Connection */ = {
			isa = PBXGroup;
			children = (
			);
			name = Connection;
			sourceTree = "<group>";
		};
/* End PBXGroup section */

/* Begin PBXNativeTarget section */
		000E3DB9187F8457007EA39A /* Darlingdar */ = {
			isa = PBXNativeTarget;
			buildConfigurationList = 000E3DEC187F8457007EA39A /* Build configuration list for PBXNativeTarget "Darlingdar" */;
			buildPhases = (
				000E3DB6187F8457007EA39A /* Sources */,
				000E3DB7187F8457007EA39A /* Frameworks */,
				000E3DB8187F8457007EA39A /* Resources */,
			);
			buildRules = (
			);
			dependencies = (
			);
			name = Darlingdar;
			productName = Darlingdar;
			productReference = 000E3DBA187F8457007EA39A /* Darlingdar.app */;
			productType = "com.apple.product-type.application";
		};
		000E3DDA187F8457007EA39A /* DarlingdarTests */ = {
			isa = PBXNativeTarget;
			buildConfigurationList = 000E3DEF187F8457007EA39A /* Build configuration list for PBXNativeTarget "DarlingdarTests" */;
			buildPhases = (
				000E3DD7187F8457007EA39A /* Sources */,
				000E3DD8187F8457007EA39A /* Frameworks */,
				000E3DD9187F8457007EA39A /* Resources */,
			);
			buildRules = (
			);
			dependencies = (
				000E3DE1187F8457007EA39A /* PBXTargetDependency */,
			);
			name = DarlingdarTests;
			productName = DarlingdarTests;
			productReference = 000E3DDB187F8457007EA39A /* DarlingdarTests.xctest */;
			productType = "com.apple.product-type.bundle.unit-test";
		};
/* End PBXNativeTarget section */

/* Begin PBXProject section */
		000E3DB2187F8457007EA39A /* Project object */ = {
			isa = PBXProject;
			attributes = {
				LastUpgradeCheck = 0500;
				ORGANIZATIONNAME = "SDT-1";
				TargetAttributes = {
					000E3DDA187F8457007EA39A = {
						TestTargetID = 000E3DB9187F8457007EA39A;
					};
				};
			};
			buildConfigurationList = 000E3DB5187F8457007EA39A /* Build configuration list for PBXProject "Darlingdar" */;
			compatibilityVersion = "Xcode 3.2";
			developmentRegion = English;
			hasScannedForEncodings = 0;
			knownRegions = (
				en,
				Base,
			);
			mainGroup = 000E3DB1187F8457007EA39A;
			productRefGroup = 000E3DBB187F8457007EA39A /* Products */;
			projectDirPath = "";
			projectRoot = "";
			targets = (
				000E3DB9187F8457007EA39A /* Darlingdar */,
				000E3DDA187F8457007EA39A /* DarlingdarTests */,
			);
		};
/* End PBXProject section */

/* Begin PBXResourcesBuildPhase section */
		000E3DB8187F8457007EA39A /* Resources */ = {
			isa = PBXResourcesBuildPhase;
			buildActionMask = 2147483647;
			files = (
				00AAC07D18876C43003C867C /* Connection.storyboard in Resources */,
				000E3DD6187F8457007EA39A /* Images.xcassets in Resources */,
				000E3DC8187F8457007EA39A /* InfoPlist.strings in Resources */,
				00AAC08218876C91003C867C /* Calendar.storyboard in Resources */,
				000E3DD1187F8457007EA39A /* Main.storyboard in Resources */,
			);
			runOnlyForDeploymentPostprocessing = 0;
		};
		000E3DD9187F8457007EA39A /* Resources */ = {
			isa = PBXResourcesBuildPhase;
			buildActionMask = 2147483647;
			files = (
				000E3DE7187F8457007EA39A /* InfoPlist.strings in Resources */,
			);
			runOnlyForDeploymentPostprocessing = 0;
		};
/* End PBXResourcesBuildPhase section */

/* Begin PBXSourcesBuildPhase section */
		000E3DB6187F8457007EA39A /* Sources */ = {
			isa = PBXSourcesBuildPhase;
			buildActionMask = 2147483647;
			files = (
				00AAC08018876C66003C867C /* ConnectionViewController.m in Sources */,
				000E3DD4187F8457007EA39A /* ViewController.m in Sources */,
				000E3DCE187F8457007EA39A /* AppDelegate.m in Sources */,
				00AAC08518876C9E003C867C /* CalendarViewController.m in Sources */,
				000E3DCA187F8457007EA39A /* main.m in Sources */,
			);
			runOnlyForDeploymentPostprocessing = 0;
		};
		000E3DD7187F8457007EA39A /* Sources */ = {
			isa = PBXSourcesBuildPhase;
			buildActionMask = 2147483647;
			files = (
				000E3DE9187F8457007EA39A /* DarlingdarTests.m in Sources */,
			);
			runOnlyForDeploymentPostprocessing = 0;
		};
/* End PBXSourcesBuildPhase section */

/* Begin PBXTargetDependency section */
		000E3DE1187F8457007EA39A /* PBXTargetDependency */ = {
			isa = PBXTargetDependency;
			target = 000E3DB9187F8457007EA39A /* Darlingdar */;
			targetProxy = 000E3DE0187F8457007EA39A /* PBXContainerItemProxy */;
		};
/* End PBXTargetDependency section */

/* Begin PBXVariantGroup section */
		000E3DC6187F8457007EA39A /* InfoPlist.strings */ = {
			isa = PBXVariantGroup;
			children = (
				000E3DC7187F8457007EA39A /* en */,
			);
			name = InfoPlist.strings;
			sourceTree = "<group>";
		};
		000E3DCF187F8457007EA39A /* Main.storyboard */ = {
			isa = PBXVariantGroup;
			children = (
				000E3DD0187F8457007EA39A /* Base */,
			);
			name = Main.storyboard;
			sourceTree = "<group>";
		};
		000E3DE5187F8457007EA39A /* InfoPlist.strings */ = {
			isa = PBXVariantGroup;
			children = (
				000E3DE6187F8457007EA39A /* en */,
			);
			name = InfoPlist.strings;
			sourceTree = "<group>";
		};
/* End PBXVariantGroup section */

/* Begin XCBuildConfiguration section */
		000E3DEA187F8457007EA39A /* Debug */ = {
			isa = XCBuildConfiguration;
			buildSettings = {
				ALWAYS_SEARCH_USER_PATHS = NO;
				ARCHS = "$(ARCHS_STANDARD_INCLUDING_64_BIT)";
				CLANG_CXX_LANGUAGE_STANDARD = "gnu++0x";
				CLANG_CXX_LIBRARY = "libc++";
				CLANG_ENABLE_MODULES = YES;
				CLANG_ENABLE_OBJC_ARC = YES;
				CLANG_WARN_BOOL_CONVERSION = YES;
				CLANG_WARN_CONSTANT_CONVERSION = YES;
				CLANG_WARN_DIRECT_OBJC_ISA_USAGE = YES_ERROR;
				CLANG_WARN_EMPTY_BODY = YES;
				CLANG_WARN_ENUM_CONVERSION = YES;
				CLANG_WARN_INT_CONVERSION = YES;
				CLANG_WARN_OBJC_ROOT_CLASS = YES_ERROR;
				CLANG_WARN__DUPLICATE_METHOD_MATCH = YES;
				"CODE_SIGN_IDENTITY[sdk=iphoneos*]" = "iPhone Developer";
				COPY_PHASE_STRIP = NO;
				GCC_C_LANGUAGE_STANDARD = gnu99;
				GCC_DYNAMIC_NO_PIC = NO;
				GCC_OPTIMIZATION_LEVEL = 0;
				GCC_PREPROCESSOR_DEFINITIONS = (
					"DEBUG=1",
					"$(inherited)",
				);
				GCC_SYMBOLS_PRIVATE_EXTERN = NO;
				GCC_WARN_64_TO_32_BIT_CONVERSION = YES;
				GCC_WARN_ABOUT_RETURN_TYPE = YES_ERROR;
				GCC_WARN_UNDECLARED_SELECTOR = YES;
				GCC_WARN_UNINITIALIZED_AUTOS = YES;
				GCC_WARN_UNUSED_FUNCTION = YES;
				GCC_WARN_UNUSED_VARIABLE = YES;
				IPHONEOS_DEPLOYMENT_TARGET = 7.0;
				ONLY_ACTIVE_ARCH = YES;
				SDKROOT = iphoneos;
			};
			name = Debug;
		};
		000E3DEB187F8457007EA39A /* Release */ = {
			isa = XCBuildConfiguration;
			buildSettings = {
				ALWAYS_SEARCH_USER_PATHS = NO;
				ARCHS = "$(ARCHS_STANDARD_INCLUDING_64_BIT)";
				CLANG_CXX_LANGUAGE_STANDARD = "gnu++0x";
				CLANG_CXX_LIBRARY = "libc++";
				CLANG_ENABLE_MODULES = YES;
				CLANG_ENABLE_OBJC_ARC = YES;
				CLANG_WARN_BOOL_CONVERSION = YES;
				CLANG_WARN_CONSTANT_CONVERSION = YES;
				CLANG_WARN_DIRECT_OBJC_ISA_USAGE = YES_ERROR;
				CLANG_WARN_EMPTY_BODY = YES;
				CLANG_WARN_ENUM_CONVERSION = YES;
				CLANG_WARN_INT_CONVERSION = YES;
				CLANG_WARN_OBJC_ROOT_CLASS = YES_ERROR;
				CLANG_WARN__DUPLICATE_METHOD_MATCH = YES;
				"CODE_SIGN_IDENTITY[sdk=iphoneos*]" = "iPhone Developer";
				COPY_PHASE_STRIP = YES;
				ENABLE_NS_ASSERTIONS = NO;
				GCC_C_LANGUAGE_STANDARD = gnu99;
				GCC_WARN_64_TO_32_BIT_CONVERSION = YES;
				GCC_WARN_ABOUT_RETURN_TYPE = YES_ERROR;
				GCC_WARN_UNDECLARED_SELECTOR = YES;
				GCC_WARN_UNINITIALIZED_AUTOS = YES;
				GCC_WARN_UNUSED_FUNCTION = YES;
				GCC_WARN_UNUSED_VARIABLE = YES;
				IPHONEOS_DEPLOYMENT_TARGET = 7.0;
				SDKROOT = iphoneos;
				VALIDATE_PRODUCT = YES;
			};
			name = Release;
		};
		000E3DED187F8457007EA39A /* Debug */ = {
			isa = XCBuildConfiguration;
			buildSettings = {
				ASSETCATALOG_COMPILER_APPICON_NAME = AppIcon;
				ASSETCATALOG_COMPILER_LAUNCHIMAGE_NAME = LaunchImage;
				GCC_PRECOMPILE_PREFIX_HEADER = YES;
				GCC_PREFIX_HEADER = "Darlingdar/Darlingdar-Prefix.pch";
				INFOPLIST_FILE = "Darlingdar/Darlingdar-Info.plist";
				PRODUCT_NAME = "$(TARGET_NAME)";
				WRAPPER_EXTENSION = app;
			};
			name = Debug;
		};
		000E3DEE187F8457007EA39A /* Release */ = {
			isa = XCBuildConfiguration;
			buildSettings = {
				ASSETCATALOG_COMPILER_APPICON_NAME = AppIcon;
				ASSETCATALOG_COMPILER_LAUNCHIMAGE_NAME = LaunchImage;
				GCC_PRECOMPILE_PREFIX_HEADER = YES;
				GCC_PREFIX_HEADER = "Darlingdar/Darlingdar-Prefix.pch";
				INFOPLIST_FILE = "Darlingdar/Darlingdar-Info.plist";
				PRODUCT_NAME = "$(TARGET_NAME)";
				WRAPPER_EXTENSION = app;
			};
			name = Release;
		};
		000E3DF0187F8457007EA39A /* Debug */ = {
			isa = XCBuildConfiguration;
			buildSettings = {
				ARCHS = "$(ARCHS_STANDARD_INCLUDING_64_BIT)";
				BUNDLE_LOADER = "$(BUILT_PRODUCTS_DIR)/Darlingdar.app/Darlingdar";
				FRAMEWORK_SEARCH_PATHS = (
					"$(SDKROOT)/Developer/Library/Frameworks",
					"$(inherited)",
					"$(DEVELOPER_FRAMEWORKS_DIR)",
				);
				GCC_PRECOMPILE_PREFIX_HEADER = YES;
				GCC_PREFIX_HEADER = "Darlingdar/Darlingdar-Prefix.pch";
				GCC_PREPROCESSOR_DEFINITIONS = (
					"DEBUG=1",
					"$(inherited)",
				);
				INFOPLIST_FILE = "DarlingdarTests/DarlingdarTests-Info.plist";
				PRODUCT_NAME = "$(TARGET_NAME)";
				TEST_HOST = "$(BUNDLE_LOADER)";
				WRAPPER_EXTENSION = xctest;
			};
			name = Debug;
		};
		000E3DF1187F8457007EA39A /* Release */ = {
			isa = XCBuildConfiguration;
			buildSettings = {
				ARCHS = "$(ARCHS_STANDARD_INCLUDING_64_BIT)";
				BUNDLE_LOADER = "$(BUILT_PRODUCTS_DIR)/Darlingdar.app/Darlingdar";
				FRAMEWORK_SEARCH_PATHS = (
					"$(SDKROOT)/Developer/Library/Frameworks",
					"$(inherited)",
					"$(DEVELOPER_FRAMEWORKS_DIR)",
				);
				GCC_PRECOMPILE_PREFIX_HEADER = YES;
				GCC_PREFIX_HEADER = "Darlingdar/Darlingdar-Prefix.pch";
				INFOPLIST_FILE = "DarlingdarTests/DarlingdarTests-Info.plist";
				PRODUCT_NAME = "$(TARGET_NAME)";
				TEST_HOST = "$(BUNDLE_LOADER)";
				WRAPPER_EXTENSION = xctest;
			};
			name = Release;
		};
/* End XCBuildConfiguration section */

/* Begin XCConfigurationList section */
		000E3DB5187F8457007EA39A /* Build configuration list for PBXProject "Darlingdar" */ = {
			isa = XCConfigurationList;
			buildConfigurations = (
				000E3DEA187F8457007EA39A /* Debug */,
				000E3DEB187F8457007EA39A /* Release */,
			);
			defaultConfigurationIsVisible = 0;
			defaultConfigurationName = Release;
		};
		000E3DEC187F8457007EA39A /* Build configuration list for PBXNativeTarget "Darlingdar" */ = {
			isa = XCConfigurationList;
			buildConfigurations = (
				000E3DED187F8457007EA39A /* Debug */,
				000E3DEE187F8457007EA39A /* Release */,
			);
			defaultConfigurationIsVisible = 0;
			defaultConfigurationName = Release;
		};
		000E3DEF187F8457007EA39A /* Build configuration list for PBXNativeTarget "DarlingdarTests" */ = {
			isa = XCConfigurationList;
			buildConfigurations = (
				000E3DF0187F8457007EA39A /* Debug */,
				000E3DF1187F8457007EA39A /* Release */,
			);
			defaultConfigurationIsVisible = 0;
			defaultConfigurationName = Release;
		};
/* End XCConfigurationList section */
	};
	rootObject = 000E3DB2187F8457007EA39A /* Project object */;
}
